
Microsoft Visual Studio Solution File, Format Version 12.00
# Visual Studio Version 16
VisualStudioVersion = 16.0.31729.503
MinimumVisualStudioVersion = 10.0.40219.1
Project("{8BC9CEB8-8B4A-11D0-8D11-00A0C91BC942}") = "лаба1.6.2", "лаба1.6.2\лаба1.6.2.vcxproj", "{D92838BD-7A50-4603-907F-4D4455D6ADDA}"
EndProject
Global
	GlobalSection(SolutionConfigurationPlatforms) = preSolution
		Debug|x64 = Debug|x64
		Debug|x86 = Debug|x86
		Release|x64 = Release|x64
		Release|x86 = Release|x86
	EndGlobalSection
	GlobalSection(ProjectConfigurationPlatforms) = postSolution
		{D92838BD-7A50-4603-907F-4D4455D6ADDA}.Debug|x64.ActiveCfg = Debug|x64
		{D92838BD-7A50-4603-907F-4D4455D6ADDA}.Debug|x64.Build.0 = Debug|x64
		{D92838BD-7A50-4603-907F-4D4455D6ADDA}.Debug|x86.ActiveCfg = Debug|Win32
		{D92838BD-7A50-4603-907F-4D4455D6ADDA}.Debug|x86.Build.0 = Debug|Win32
		{D92838BD-7A50-4603-907F-4D4455D6ADDA}.Release|x64.ActiveCfg = Release|x64
		{D92838BD-7A50-4603-907F-4D4455D6ADDA}.Release|x64.Build.0 = Release|x64
		{D92838BD-7A50-4603-907F-4D4455D6ADDA}.Release|x86.ActiveCfg = Release|Win32
		{D92838BD-7A50-4603-907F-4D4455D6ADDA}.Release|x86.Build.0 = Release|Win32
	EndGlobalSection
	GlobalSection(SolutionProperties) = preSolution
		HideSolutionNode = FALSE
	EndGlobalSection
	GlobalSection(ExtensibilityGlobals) = postSolution
		SolutionGuid = {B18A18F1-B778-4561-87FA-0E67B047BA17}
	EndGlobalSection
EndGlobal
